
Microsoft Visual Studio Solution File, Format Version 12.00
# Visual Studio Version 16
VisualStudioVersion = 16.0.30011.22
MinimumVisualStudioVersion = 10.0.40219.1
Project("{FAE04EC0-301F-11D3-BF4B-00C04F79EFBC}") = "MentalBuddy", "MentalBuddy\MentalBuddy.csproj", "{32F760CD-9130-478D-A87F-820F9CD316EE}"
EndProject
Project("{FAE04EC0-301F-11D3-BF4B-00C04F79EFBC}") = "MentalBuddyDB", "MentalBuddyDB\MentalBuddyDB.csproj", "{AE1C4041-2A45-4D4C-B7EA-DC338E58212E}"
EndProject
Project("{FAE04EC0-301F-11D3-BF4B-00C04F79EFBC}") = "MentalBuddyAPI", "MentalBuddyAPI\MentalBuddyAPI.csproj", "{6AF8C760-68E1-427A-9581-C8C6AB8F99CA}"
EndProject
Global
	GlobalSection(SolutionConfigurationPlatforms) = preSolution
		Debug|Any CPU = Debug|Any CPU
		Debug|ARM = Debug|ARM
		Debug|ARM64 = Debug|ARM64
		Debug|x64 = Debug|x64
		Debug|x86 = Debug|x86
		Release|Any CPU = Release|Any CPU
		Release|ARM = Release|ARM
		Release|ARM64 = Release|ARM64
		Release|x64 = Release|x64
		Release|x86 = Release|x86
	EndGlobalSection
	GlobalSection(ProjectConfigurationPlatforms) = postSolution
		{32F760CD-9130-478D-A87F-820F9CD316EE}.Debug|Any CPU.ActiveCfg = Debug|Any CPU
		{32F760CD-9130-478D-A87F-820F9CD316EE}.Debug|Any CPU.Build.0 = Debug|Any CPU
		{32F760CD-9130-478D-A87F-820F9CD316EE}.Debug|ARM.ActiveCfg = Debug|Any CPU
		{32F760CD-9130-478D-A87F-820F9CD316EE}.Debug|ARM.Build.0 = Debug|Any CPU
		{32F760CD-9130-478D-A87F-820F9CD316EE}.Debug|ARM64.ActiveCfg = Debug|Any CPU
		{32F760CD-9130-478D-A87F-820F9CD316EE}.Debug|ARM64.Build.0 = Debug|Any CPU
		{32F760CD-9130-478D-A87F-820F9CD316EE}.Debug|x64.ActiveCfg = Debug|Any CPU
		{32F760CD-9130-478D-A87F-820F9CD316EE}.Debug|x64.Build.0 = Debug|Any CPU
		{32F760CD-9130-478D-A87F-820F9CD316EE}.Debug|x86.ActiveCfg = Debug|Any CPU
		{32F760CD-9130-478D-A87F-820F9CD316EE}.Debug|x86.Build.0 = Debug|Any CPU
		{32F760CD-9130-478D-A87F-820F9CD316EE}.Release|Any CPU.ActiveCfg = Release|Any CPU
		{32F760CD-9130-478D-A87F-820F9CD316EE}.Release|Any CPU.Build.0 = Release|Any CPU
		{32F760CD-9130-478D-A87F-820F9CD316EE}.Release|ARM.ActiveCfg = Release|Any CPU
		{32F760CD-9130-478D-A87F-820F9CD316EE}.Release|ARM.Build.0 = Release|Any CPU
		{32F760CD-9130-478D-A87F-820F9CD316EE}.Release|ARM64.ActiveCfg = Release|Any CPU
		{32F760CD-9130-478D-A87F-820F9CD316EE}.Release|ARM64.Build.0 = Release|Any CPU
		{32F760CD-9130-478D-A87F-820F9CD316EE}.Release|x64.ActiveCfg = Release|Any CPU
		{32F760CD-9130-478D-A87F-820F9CD316EE}.Release|x64.Build.0 = Release|Any CPU
		{32F760CD-9130-478D-A87F-820F9CD316EE}.Release|x86.ActiveCfg = Release|Any CPU
		{32F760CD-9130-478D-A87F-820F9CD316EE}.Release|x86.Build.0 = Release|Any CPU
		{AE1C4041-2A45-4D4C-B7EA-DC338E58212E}.Debug|Any CPU.ActiveCfg = Debug|Any CPU
		{AE1C4041-2A45-4D4C-B7EA-DC338E58212E}.Debug|Any CPU.Build.0 = Debug|Any CPU
		{AE1C4041-2A45-4D4C-B7EA-DC338E58212E}.Debug|ARM.ActiveCfg = Debug|Any CPU
		{AE1C4041-2A45-4D4C-B7EA-DC338E58212E}.Debug|ARM.Build.0 = Debug|Any CPU
		{AE1C4041-2A45-4D4C-B7EA-DC338E58212E}.Debug|ARM64.ActiveCfg = Debug|Any CPU
		{AE1C4041-2A45-4D4C-B7EA-DC338E58212E}.Debug|ARM64.Build.0 = Debug|Any CPU
		{AE1C4041-2A45-4D4C-B7EA-DC338E58212E}.Debug|x64.ActiveCfg = Debug|Any CPU
		{AE1C4041-2A45-4D4C-B7EA-DC338E58212E}.Debug|x64.Build.0 = Debug|Any CPU
		{AE1C4041-2A45-4D4C-B7EA-DC338E58212E}.Debug|x86.ActiveCfg = Debug|Any CPU
		{AE1C4041-2A45-4D4C-B7EA-DC338E58212E}.Debug|x86.Build.0 = Debug|Any CPU
		{AE1C4041-2A45-4D4C-B7EA-DC338E58212E}.Release|Any CPU.ActiveCfg = Release|Any CPU
		{AE1C4041-2A45-4D4C-B7EA-DC338E58212E}.Release|Any CPU.Build.0 = Release|Any CPU
		{AE1C4041-2A45-4D4C-B7EA-DC338E58212E}.Release|ARM.ActiveCfg = Release|Any CPU
		{AE1C4041-2A45-4D4C-B7EA-DC338E58212E}.Release|ARM.Build.0 = Release|Any CPU
		{AE1C4041-2A45-4D4C-B7EA-DC338E58212E}.Release|ARM64.ActiveCfg = Release|Any CPU
		{AE1C4041-2A45-4D4C-B7EA-DC338E58212E}.Release|ARM64.Build.0 = Release|Any CPU
		{AE1C4041-2A45-4D4C-B7EA-DC338E58212E}.Release|x64.ActiveCfg = Release|Any CPU
		{AE1C4041-2A45-4D4C-B7EA-DC338E58212E}.Release|x64.Build.0 = Release|Any CPU
		{AE1C4041-2A45-4D4C-B7EA-DC338E58212E}.Release|x86.ActiveCfg = Release|Any CPU
		{AE1C4041-2A45-4D4C-B7EA-DC338E58212E}.Release|x86.Build.0 = Release|Any CPU
		{6AF8C760-68E1-427A-9581-C8C6AB8F99CA}.Debug|Any CPU.ActiveCfg = Debug|Any CPU
		{6AF8C760-68E1-427A-9581-C8C6AB8F99CA}.Debug|Any CPU.Build.0 = Debug|Any CPU
		{6AF8C760-68E1-427A-9581-C8C6AB8F99CA}.Debug|ARM.ActiveCfg = Debug|Any CPU
		{6AF8C760-68E1-427A-9581-C8C6AB8F99CA}.Debug|ARM.Build.0 = Debug|Any CPU
		{6AF8C760-68E1-427A-9581-C8C6AB8F99CA}.Debug|ARM64.ActiveCfg = Debug|Any CPU
		{6AF8C760-68E1-427A-9581-C8C6AB8F99CA}.Debug|ARM64.Build.0 = Debug|Any CPU
		{6AF8C760-68E1-427A-9581-C8C6AB8F99CA}.Debug|x64.ActiveCfg = Debug|Any CPU
		{6AF8C760-68E1-427A-9581-C8C6AB8F99CA}.Debug|x64.Build.0 = Debug|Any CPU
		{6AF8C760-68E1-427A-9581-C8C6AB8F99CA}.Debug|x86.ActiveCfg = Debug|Any CPU
		{6AF8C760-68E1-427A-9581-C8C6AB8F99CA}.Debug|x86.Build.0 = Debug|Any CPU
		{6AF8C760-68E1-427A-9581-C8C6AB8F99CA}.Release|Any CPU.ActiveCfg = Release|Any CPU
		{6AF8C760-68E1-427A-9581-C8C6AB8F99CA}.Release|Any CPU.Build.0 = Release|Any CPU
		{6AF8C760-68E1-427A-9581-C8C6AB8F99CA}.Release|ARM.ActiveCfg = Release|Any CPU
		{6AF8C760-68E1-427A-9581-C8C6AB8F99CA}.Release|ARM.Build.0 = Release|Any CPU
		{6AF8C760-68E1-427A-9581-C8C6AB8F99CA}.Release|ARM64.ActiveCfg = Release|Any CPU
		{6AF8C760-68E1-427A-9581-C8C6AB8F99CA}.Release|ARM64.Build.0 = Release|Any CPU
		{6AF8C760-68E1-427A-9581-C8C6AB8F99CA}.Release|x64.ActiveCfg = Release|Any CPU
		{6AF8C760-68E1-427A-9581-C8C6AB8F99CA}.Release|x64.Build.0 = Release|Any CPU
		{6AF8C760-68E1-427A-9581-C8C6AB8F99CA}.Release|x86.ActiveCfg = Release|Any CPU
		{6AF8C760-68E1-427A-9581-C8C6AB8F99CA}.Release|x86.Build.0 = Release|Any CPU
	EndGlobalSection
	GlobalSection(SolutionProperties) = preSolution
		HideSolutionNode = FALSE
	EndGlobalSection
	GlobalSection(ExtensibilityGlobals) = postSolution
		SolutionGuid = {27FF1BF9-26CB-4EE7-AD02-ECB5281EE102}
	EndGlobalSection
EndGlobal
